// !$*UTF8*$!
{
	archiveVersion = 1;
	classes = {
	};
	objectVersion = 56;
	objects = {

/* Begin PBXBuildFile section */
		3C03DA872BF268C500020AD6 /* Colors+RAM.swift in Sources */ = {isa = PBXBuildFile; fileRef = 3C03DA862BF268C500020AD6 /* Colors+RAM.swift */; };
		3C03DA8B2BF269FD00020AD6 /* AppStyle.swift in Sources */ = {isa = PBXBuildFile; fileRef = 3C03DA8A2BF269FD00020AD6 /* AppStyle.swift */; };
		3CC6BD222BECE97500E53D33 /* RickAndMortyAppApp.swift in Sources */ = {isa = PBXBuildFile; fileRef = 3CC6BD212BECE97500E53D33 /* RickAndMortyAppApp.swift */; };
		3CC6BD242BECE97500E53D33 /* HomeView.swift in Sources */ = {isa = PBXBuildFile; fileRef = 3CC6BD232BECE97500E53D33 /* HomeView.swift */; };
		3CC6BD262BECE97600E53D33 /* Assets.xcassets in Resources */ = {isa = PBXBuildFile; fileRef = 3CC6BD252BECE97600E53D33 /* Assets.xcassets */; };
		3CC6BD292BECE97600E53D33 /* Preview Assets.xcassets in Resources */ = {isa = PBXBuildFile; fileRef = 3CC6BD282BECE97600E53D33 /* Preview Assets.xcassets */; };
		3CC6BD412BED28F400E53D33 /* RickAndMortyAppTests.swift in Sources */ = {isa = PBXBuildFile; fileRef = 3CC6BD402BED28F400E53D33 /* RickAndMortyAppTests.swift */; };
		3CC6BD4E2BED291900E53D33 /* RickAndMortyAppUITests.swift in Sources */ = {isa = PBXBuildFile; fileRef = 3CC6BD4D2BED291900E53D33 /* RickAndMortyAppUITests.swift */; };
		3CC6BD502BED291900E53D33 /* RickAndMortyAppUITestsLaunchTests.swift in Sources */ = {isa = PBXBuildFile; fileRef = 3CC6BD4F2BED291900E53D33 /* RickAndMortyAppUITestsLaunchTests.swift */; };
		3CC6BD582BED2A3700E53D33 /* rick-morty-swift-api in Frameworks */ = {isa = PBXBuildFile; productRef = 3CC6BD572BED2A3700E53D33 /* rick-morty-swift-api */; };
		3CC6BD5B2BED2B2A00E53D33 /* CharacterDataManager.swift in Sources */ = {isa = PBXBuildFile; fileRef = 3CC6BD5A2BED2B2A00E53D33 /* CharacterDataManager.swift */; };
		3CC6BD712BED49C000E53D33 /* CharactersListView.swift in Sources */ = {isa = PBXBuildFile; fileRef = 3CC6BD702BED49C000E53D33 /* CharactersListView.swift */; };
		3CC6BD732BED49CA00E53D33 /* CharactersListViewModel.swift in Sources */ = {isa = PBXBuildFile; fileRef = 3CC6BD722BED49CA00E53D33 /* CharactersListViewModel.swift */; };
		3CC6BD752BED510500E53D33 /* RMCharacterModel.swift in Sources */ = {isa = PBXBuildFile; fileRef = 3CC6BD742BED510500E53D33 /* RMCharacterModel.swift */; };
		3CC6BD792BED767100E53D33 /* SDWebImageSwiftUI in Frameworks */ = {isa = PBXBuildFile; productRef = 3CC6BD782BED767100E53D33 /* SDWebImageSwiftUI */; };
		3CC6BD7E2BF238F200E53D33 /* CharacterDetailsView.swift in Sources */ = {isa = PBXBuildFile; fileRef = 3CC6BD7D2BF238F200E53D33 /* CharacterDetailsView.swift */; };
		3CC6BD802BF24BBC00E53D33 /* Localizable.strings in Resources */ = {isa = PBXBuildFile; fileRef = 3CC6BD7F2BF24BBC00E53D33 /* Localizable.strings */; };
		3CC6BD882BF2588700E53D33 /* Strings+RAM.swift in Sources */ = {isa = PBXBuildFile; fileRef = 3CC6BD872BF2588700E53D33 /* Strings+RAM.swift */; };
/* End PBXBuildFile section */

/* Begin PBXContainerItemProxy section */
		3CC6BD422BED28F400E53D33 /* PBXContainerItemProxy */ = {
			isa = PBXContainerItemProxy;
			containerPortal = 3CC6BD162BECE97500E53D33 /* Project object */;
			proxyType = 1;
			remoteGlobalIDString = 3CC6BD1D2BECE97500E53D33;
			remoteInfo = RickAndMortyApp;
		};
		3CC6BD512BED291900E53D33 /* PBXContainerItemProxy */ = {
			isa = PBXContainerItemProxy;
			containerPortal = 3CC6BD162BECE97500E53D33 /* Project object */;
			proxyType = 1;
			remoteGlobalIDString = 3CC6BD1D2BECE97500E53D33;
			remoteInfo = RickAndMortyApp;
		};
/* End PBXContainerItemProxy section */

/* Begin PBXFileReference section */
		3C03DA862BF268C500020AD6 /* Colors+RAM.swift */ = {isa = PBXFileReference; lastKnownFileType = sourcecode.swift; path = "Colors+RAM.swift"; sourceTree = "<group>"; };
		3C03DA8A2BF269FD00020AD6 /* AppStyle.swift */ = {isa = PBXFileReference; lastKnownFileType = sourcecode.swift; path = AppStyle.swift; sourceTree = "<group>"; };
		3CC6BD1E2BECE97500E53D33 /* RickAndMortyApp.app */ = {isa = PBXFileReference; explicitFileType = wrapper.application; includeInIndex = 0; path = RickAndMortyApp.app; sourceTree = BUILT_PRODUCTS_DIR; };
		3CC6BD212BECE97500E53D33 /* RickAndMortyAppApp.swift */ = {isa = PBXFileReference; lastKnownFileType = sourcecode.swift; path = RickAndMortyAppApp.swift; sourceTree = "<group>"; };
		3CC6BD232BECE97500E53D33 /* HomeView.swift */ = {isa = PBXFileReference; lastKnownFileType = sourcecode.swift; path = HomeView.swift; sourceTree = "<group>"; };
		3CC6BD252BECE97600E53D33 /* Assets.xcassets */ = {isa = PBXFileReference; lastKnownFileType = folder.assetcatalog; path = Assets.xcassets; sourceTree = "<group>"; };
		3CC6BD282BECE97600E53D33 /* Preview Assets.xcassets */ = {isa = PBXFileReference; lastKnownFileType = folder.assetcatalog; path = "Preview Assets.xcassets"; sourceTree = "<group>"; };
		3CC6BD3E2BED28F400E53D33 /* RickAndMortyAppTests.xctest */ = {isa = PBXFileReference; explicitFileType = wrapper.cfbundle; includeInIndex = 0; path = RickAndMortyAppTests.xctest; sourceTree = BUILT_PRODUCTS_DIR; };
		3CC6BD402BED28F400E53D33 /* RickAndMortyAppTests.swift */ = {isa = PBXFileReference; lastKnownFileType = sourcecode.swift; path = RickAndMortyAppTests.swift; sourceTree = "<group>"; };
		3CC6BD4B2BED291900E53D33 /* RickAndMortyAppUITests.xctest */ = {isa = PBXFileReference; explicitFileType = wrapper.cfbundle; includeInIndex = 0; path = RickAndMortyAppUITests.xctest; sourceTree = BUILT_PRODUCTS_DIR; };
		3CC6BD4D2BED291900E53D33 /* RickAndMortyAppUITests.swift */ = {isa = PBXFileReference; lastKnownFileType = sourcecode.swift; path = RickAndMortyAppUITests.swift; sourceTree = "<group>"; };
		3CC6BD4F2BED291900E53D33 /* RickAndMortyAppUITestsLaunchTests.swift */ = {isa = PBXFileReference; lastKnownFileType = sourcecode.swift; path = RickAndMortyAppUITestsLaunchTests.swift; sourceTree = "<group>"; };
		3CC6BD5A2BED2B2A00E53D33 /* CharacterDataManager.swift */ = {isa = PBXFileReference; lastKnownFileType = sourcecode.swift; path = CharacterDataManager.swift; sourceTree = "<group>"; };
		3CC6BD702BED49C000E53D33 /* CharactersListView.swift */ = {isa = PBXFileReference; lastKnownFileType = sourcecode.swift; path = CharactersListView.swift; sourceTree = "<group>"; };
		3CC6BD722BED49CA00E53D33 /* CharactersListViewModel.swift */ = {isa = PBXFileReference; lastKnownFileType = sourcecode.swift; path = CharactersListViewModel.swift; sourceTree = "<group>"; };
		3CC6BD742BED510500E53D33 /* RMCharacterModel.swift */ = {isa = PBXFileReference; lastKnownFileType = sourcecode.swift; path = RMCharacterModel.swift; sourceTree = "<group>"; };
		3CC6BD7D2BF238F200E53D33 /* CharacterDetailsView.swift */ = {isa = PBXFileReference; lastKnownFileType = sourcecode.swift; path = CharacterDetailsView.swift; sourceTree = "<group>"; };
		3CC6BD7F2BF24BBC00E53D33 /* Localizable.strings */ = {isa = PBXFileReference; lastKnownFileType = text.plist.strings; path = Localizable.strings; sourceTree = "<group>"; };
		3CC6BD872BF2588700E53D33 /* Strings+RAM.swift */ = {isa = PBXFileReference; lastKnownFileType = sourcecode.swift; path = "Strings+RAM.swift"; sourceTree = "<group>"; };
/* End PBXFileReference section */

/* Begin PBXFrameworksBuildPhase section */
		3CC6BD1B2BECE97500E53D33 /* Frameworks */ = {
			isa = PBXFrameworksBuildPhase;
			buildActionMask = 2147483647;
			files = (
				3CC6BD792BED767100E53D33 /* SDWebImageSwiftUI in Frameworks */,
				3CC6BD582BED2A3700E53D33 /* rick-morty-swift-api in Frameworks */,
			);
			runOnlyForDeploymentPostprocessing = 0;
		};
		3CC6BD3B2BED28F400E53D33 /* Frameworks */ = {
			isa = PBXFrameworksBuildPhase;
			buildActionMask = 2147483647;
			files = (
			);
			runOnlyForDeploymentPostprocessing = 0;
		};
		3CC6BD482BED291900E53D33 /* Frameworks */ = {
			isa = PBXFrameworksBuildPhase;
			buildActionMask = 2147483647;
			files = (
			);
			runOnlyForDeploymentPostprocessing = 0;
		};
/* End PBXFrameworksBuildPhase section */

/* Begin PBXGroup section */
		3C03DA852BF2681000020AD6 /* Extensions */ = {
			isa = PBXGroup;
			children = (
				3CC6BD872BF2588700E53D33 /* Strings+RAM.swift */,
				3C03DA862BF268C500020AD6 /* Colors+RAM.swift */,
			);
			path = Extensions;
			sourceTree = "<group>";
		};
		3C03DA882BF269CA00020AD6 /* Styles */ = {
			isa = PBXGroup;
			children = (
				3C03DA8A2BF269FD00020AD6 /* AppStyle.swift */,
			);
			path = Styles;
			sourceTree = "<group>";
		};
		3C03DA892BF269D400020AD6 /* Views */ = {
			isa = PBXGroup;
			children = (
				3CC6BD342BED1D5B00E53D33 /* Home */,
				3CC6BD6F2BED49AD00E53D33 /* CharactersList */,
				3CC6BD7C2BF2385200E53D33 /* CharacterDetail */,
			);
			path = Views;
			sourceTree = "<group>";
		};
		3CC6BD152BECE97500E53D33 = {
			isa = PBXGroup;
			children = (
				3CC6BD202BECE97500E53D33 /* RickAndMortyApp */,
				3CC6BD3F2BED28F400E53D33 /* RickAndMortyAppTests */,
				3CC6BD4C2BED291900E53D33 /* RickAndMortyAppUITests */,
				3CC6BD1F2BECE97500E53D33 /* Products */,
			);
			sourceTree = "<group>";
		};
		3CC6BD1F2BECE97500E53D33 /* Products */ = {
			isa = PBXGroup;
			children = (
				3CC6BD1E2BECE97500E53D33 /* RickAndMortyApp.app */,
				3CC6BD3E2BED28F400E53D33 /* RickAndMortyAppTests.xctest */,
				3CC6BD4B2BED291900E53D33 /* RickAndMortyAppUITests.xctest */,
			);
			name = Products;
			sourceTree = "<group>";
		};
		3CC6BD202BECE97500E53D33 /* RickAndMortyApp */ = {
			isa = PBXGroup;
			children = (
				3CC6BD332BED17A500E53D33 /* Application */,
				3CC6BD312BED177200E53D33 /* Core */,
				3CC6BD2F2BED175300E53D33 /* Data */,
				3CC6BD302BED175800E53D33 /* Domain */,
				3CC6BD322BED178100E53D33 /* Presentation */,
				3CC6BD832BF2573900E53D33 /* Resources */,
				3CC6BD252BECE97600E53D33 /* Assets.xcassets */,
				3CC6BD272BECE97600E53D33 /* Preview Content */,
			);
			path = RickAndMortyApp;
			sourceTree = "<group>";
		};
		3CC6BD272BECE97600E53D33 /* Preview Content */ = {
			isa = PBXGroup;
			children = (
				3CC6BD282BECE97600E53D33 /* Preview Assets.xcassets */,
			);
			path = "Preview Content";
			sourceTree = "<group>";
		};
		3CC6BD2F2BED175300E53D33 /* Data */ = {
			isa = PBXGroup;
			children = (
				3CC6BD592BED2B1600E53D33 /* Repositories */,
				3CC6BD742BED510500E53D33 /* RMCharacterModel.swift */,
			);
			path = Data;
			sourceTree = "<group>";
		};
		3CC6BD302BED175800E53D33 /* Domain */ = {
			isa = PBXGroup;
			children = (
				3CC6BD762BED529D00E53D33 /* Mapper */,
			);
			path = Domain;
			sourceTree = "<group>";
		};
		3CC6BD312BED177200E53D33 /* Core */ = {
			isa = PBXGroup;
			children = (
			);
			path = Core;
			sourceTree = "<group>";
		};
		3CC6BD322BED178100E53D33 /* Presentation */ = {
			isa = PBXGroup;
			children = (
				3C03DA892BF269D400020AD6 /* Views */,
				3C03DA882BF269CA00020AD6 /* Styles */,
			);
			path = Presentation;
			sourceTree = "<group>";
		};
		3CC6BD332BED17A500E53D33 /* Application */ = {
			isa = PBXGroup;
			children = (
				3CC6BD212BECE97500E53D33 /* RickAndMortyAppApp.swift */,
			);
			path = Application;
			sourceTree = "<group>";
		};
		3CC6BD342BED1D5B00E53D33 /* Home */ = {
			isa = PBXGroup;
			children = (
				3CC6BD232BECE97500E53D33 /* HomeView.swift */,
			);
			path = Home;
			sourceTree = "<group>";
		};
		3CC6BD3F2BED28F400E53D33 /* RickAndMortyAppTests */ = {
			isa = PBXGroup;
			children = (
				3CC6BD402BED28F400E53D33 /* RickAndMortyAppTests.swift */,
			);
			path = RickAndMortyAppTests;
			sourceTree = "<group>";
		};
		3CC6BD4C2BED291900E53D33 /* RickAndMortyAppUITests */ = {
			isa = PBXGroup;
			children = (
				3CC6BD4D2BED291900E53D33 /* RickAndMortyAppUITests.swift */,
				3CC6BD4F2BED291900E53D33 /* RickAndMortyAppUITestsLaunchTests.swift */,
			);
			path = RickAndMortyAppUITests;
			sourceTree = "<group>";
		};
		3CC6BD592BED2B1600E53D33 /* Repositories */ = {
			isa = PBXGroup;
			children = (
				3CC6BD5A2BED2B2A00E53D33 /* CharacterDataManager.swift */,
			);
			path = Repositories;
			sourceTree = "<group>";
		};
		3CC6BD6F2BED49AD00E53D33 /* CharactersList */ = {
			isa = PBXGroup;
			children = (
				3CC6BD702BED49C000E53D33 /* CharactersListView.swift */,
				3CC6BD722BED49CA00E53D33 /* CharactersListViewModel.swift */,
			);
			path = CharactersList;
			sourceTree = "<group>";
		};
		3CC6BD762BED529D00E53D33 /* Mapper */ = {
			isa = PBXGroup;
			children = (
			);
			path = Mapper;
			sourceTree = "<group>";
		};
		3CC6BD7C2BF2385200E53D33 /* CharacterDetail */ = {
			isa = PBXGroup;
			children = (
				3CC6BD7D2BF238F200E53D33 /* CharacterDetailsView.swift */,
			);
			path = CharacterDetail;
			sourceTree = "<group>";
		};
		3CC6BD832BF2573900E53D33 /* Resources */ = {
			isa = PBXGroup;
			children = (
				3C03DA852BF2681000020AD6 /* Extensions */,
				3CC6BD7F2BF24BBC00E53D33 /* Localizable.strings */,
			);
			path = Resources;
			sourceTree = "<group>";
		};
/* End PBXGroup section */

/* Begin PBXNativeTarget section */
		3CC6BD1D2BECE97500E53D33 /* RickAndMortyApp */ = {
			isa = PBXNativeTarget;
			buildConfigurationList = 3CC6BD2C2BECE97600E53D33 /* Build configuration list for PBXNativeTarget "RickAndMortyApp" */;
			buildPhases = (
				3CC6BD1A2BECE97500E53D33 /* Sources */,
				3CC6BD1B2BECE97500E53D33 /* Frameworks */,
				3CC6BD1C2BECE97500E53D33 /* Resources */,
			);
			buildRules = (
			);
			dependencies = (
			);
			name = RickAndMortyApp;
			packageProductDependencies = (
				3CC6BD572BED2A3700E53D33 /* rick-morty-swift-api */,
				3CC6BD782BED767100E53D33 /* SDWebImageSwiftUI */,
			);
			productName = RickAndMortyApp;
			productReference = 3CC6BD1E2BECE97500E53D33 /* RickAndMortyApp.app */;
			productType = "com.apple.product-type.application";
		};
		3CC6BD3D2BED28F400E53D33 /* RickAndMortyAppTests */ = {
			isa = PBXNativeTarget;
			buildConfigurationList = 3CC6BD442BED28F400E53D33 /* Build configuration list for PBXNativeTarget "RickAndMortyAppTests" */;
			buildPhases = (
				3CC6BD3A2BED28F400E53D33 /* Sources */,
				3CC6BD3B2BED28F400E53D33 /* Frameworks */,
				3CC6BD3C2BED28F400E53D33 /* Resources */,
			);
			buildRules = (
			);
			dependencies = (
				3CC6BD432BED28F400E53D33 /* PBXTargetDependency */,
			);
			name = RickAndMortyAppTests;
			productName = RickAndMortyAppTests;
			productReference = 3CC6BD3E2BED28F400E53D33 /* RickAndMortyAppTests.xctest */;
			productType = "com.apple.product-type.bundle.unit-test";
		};
		3CC6BD4A2BED291900E53D33 /* RickAndMortyAppUITests */ = {
			isa = PBXNativeTarget;
			buildConfigurationList = 3CC6BD532BED291A00E53D33 /* Build configuration list for PBXNativeTarget "RickAndMortyAppUITests" */;
			buildPhases = (
				3CC6BD472BED291900E53D33 /* Sources */,
				3CC6BD482BED291900E53D33 /* Frameworks */,
				3CC6BD492BED291900E53D33 /* Resources */,
			);
			buildRules = (
			);
			dependencies = (
				3CC6BD522BED291900E53D33 /* PBXTargetDependency */,
			);
			name = RickAndMortyAppUITests;
			productName = RickAndMortyAppUITests;
			productReference = 3CC6BD4B2BED291900E53D33 /* RickAndMortyAppUITests.xctest */;
			productType = "com.apple.product-type.bundle.ui-testing";
		};
/* End PBXNativeTarget section */

/* Begin PBXProject section */
		3CC6BD162BECE97500E53D33 /* Project object */ = {
			isa = PBXProject;
			attributes = {
				BuildIndependentTargetsInParallel = 1;
				LastSwiftUpdateCheck = 1520;
				LastUpgradeCheck = 1520;
				TargetAttributes = {
					3CC6BD1D2BECE97500E53D33 = {
						CreatedOnToolsVersion = 15.2;
					};
					3CC6BD3D2BED28F400E53D33 = {
						CreatedOnToolsVersion = 15.2;
						TestTargetID = 3CC6BD1D2BECE97500E53D33;
					};
					3CC6BD4A2BED291900E53D33 = {
						CreatedOnToolsVersion = 15.2;
						TestTargetID = 3CC6BD1D2BECE97500E53D33;
					};
				};
			};
			buildConfigurationList = 3CC6BD192BECE97500E53D33 /* Build configuration list for PBXProject "RickAndMortyApp" */;
			compatibilityVersion = "Xcode 14.0";
			developmentRegion = en;
			hasScannedForEncodings = 0;
			knownRegions = (
				en,
				Base,
			);
			mainGroup = 3CC6BD152BECE97500E53D33;
			packageReferences = (
				3CC6BD562BED2A3700E53D33 /* XCRemoteSwiftPackageReference "Rick-and-Morty-Swift-API" */,
				3CC6BD772BED767100E53D33 /* XCRemoteSwiftPackageReference "SDWebImageSwiftUI" */,
			);
			productRefGroup = 3CC6BD1F2BECE97500E53D33 /* Products */;
			projectDirPath = "";
			projectRoot = "";
			targets = (
				3CC6BD1D2BECE97500E53D33 /* RickAndMortyApp */,
				3CC6BD3D2BED28F400E53D33 /* RickAndMortyAppTests */,
				3CC6BD4A2BED291900E53D33 /* RickAndMortyAppUITests */,
			);
		};
/* End PBXProject section */

/* Begin PBXResourcesBuildPhase section */
		3CC6BD1C2BECE97500E53D33 /* Resources */ = {
			isa = PBXResourcesBuildPhase;
			buildActionMask = 2147483647;
			files = (
				3CC6BD292BECE97600E53D33 /* Preview Assets.xcassets in Resources */,
				3CC6BD802BF24BBC00E53D33 /* Localizable.strings in Resources */,
				3CC6BD262BECE97600E53D33 /* Assets.xcassets in Resources */,
			);
			runOnlyForDeploymentPostprocessing = 0;
		};
		3CC6BD3C2BED28F400E53D33 /* Resources */ = {
			isa = PBXResourcesBuildPhase;
			buildActionMask = 2147483647;
			files = (
			);
			runOnlyForDeploymentPostprocessing = 0;
		};
		3CC6BD492BED291900E53D33 /* Resources */ = {
			isa = PBXResourcesBuildPhase;
			buildActionMask = 2147483647;
			files = (
			);
			runOnlyForDeploymentPostprocessing = 0;
		};
/* End PBXResourcesBuildPhase section */

/* Begin PBXSourcesBuildPhase section */
		3CC6BD1A2BECE97500E53D33 /* Sources */ = {
			isa = PBXSourcesBuildPhase;
			buildActionMask = 2147483647;
			files = (
				3CC6BD242BECE97500E53D33 /* HomeView.swift in Sources */,
				3C03DA8B2BF269FD00020AD6 /* AppStyle.swift in Sources */,
				3CC6BD882BF2588700E53D33 /* Strings+RAM.swift in Sources */,
				3CC6BD5B2BED2B2A00E53D33 /* CharacterDataManager.swift in Sources */,
				3CC6BD752BED510500E53D33 /* RMCharacterModel.swift in Sources */,
				3C03DA872BF268C500020AD6 /* Colors+RAM.swift in Sources */,
				3CC6BD7E2BF238F200E53D33 /* CharacterDetailsView.swift in Sources */,
				3CC6BD712BED49C000E53D33 /* CharactersListView.swift in Sources */,
				3CC6BD222BECE97500E53D33 /* RickAndMortyAppApp.swift in Sources */,
				3CC6BD732BED49CA00E53D33 /* CharactersListViewModel.swift in Sources */,
			);
			runOnlyForDeploymentPostprocessing = 0;
		};
		3CC6BD3A2BED28F400E53D33 /* Sources */ = {
			isa = PBXSourcesBuildPhase;
			buildActionMask = 2147483647;
			files = (
				3CC6BD412BED28F400E53D33 /* RickAndMortyAppTests.swift in Sources */,
			);
			runOnlyForDeploymentPostprocessing = 0;
		};
		3CC6BD472BED291900E53D33 /* Sources */ = {
			isa = PBXSourcesBuildPhase;
			buildActionMask = 2147483647;
			files = (
				3CC6BD4E2BED291900E53D33 /* RickAndMortyAppUITests.swift in Sources */,
				3CC6BD502BED291900E53D33 /* RickAndMortyAppUITestsLaunchTests.swift in Sources */,
			);
			runOnlyForDeploymentPostprocessing = 0;
		};
/* End PBXSourcesBuildPhase section */

/* Begin PBXTargetDependency section */
		3CC6BD432BED28F400E53D33 /* PBXTargetDependency */ = {
			isa = PBXTargetDependency;
			target = 3CC6BD1D2BECE97500E53D33 /* RickAndMortyApp */;
			targetProxy = 3CC6BD422BED28F400E53D33 /* PBXContainerItemProxy */;
		};
		3CC6BD522BED291900E53D33 /* PBXTargetDependency */ = {
			isa = PBXTargetDependency;
			target = 3CC6BD1D2BECE97500E53D33 /* RickAndMortyApp */;
			targetProxy = 3CC6BD512BED291900E53D33 /* PBXContainerItemProxy */;
		};
/* End PBXTargetDependency section */

/* Begin XCBuildConfiguration section */
		3CC6BD2A2BECE97600E53D33 /* Debug */ = {
			isa = XCBuildConfiguration;
			buildSettings = {
				ALWAYS_SEARCH_USER_PATHS = NO;
				ASSETCATALOG_COMPILER_GENERATE_SWIFT_ASSET_SYMBOL_EXTENSIONS = YES;
				CLANG_ANALYZER_NONNULL = YES;
				CLANG_ANALYZER_NUMBER_OBJECT_CONVERSION = YES_AGGRESSIVE;
				CLANG_CXX_LANGUAGE_STANDARD = "gnu++20";
				CLANG_ENABLE_MODULES = YES;
				CLANG_ENABLE_OBJC_ARC = YES;
				CLANG_ENABLE_OBJC_WEAK = YES;
				CLANG_WARN_BLOCK_CAPTURE_AUTORELEASING = YES;
				CLANG_WARN_BOOL_CONVERSION = YES;
				CLANG_WARN_COMMA = YES;
				CLANG_WARN_CONSTANT_CONVERSION = YES;
				CLANG_WARN_DEPRECATED_OBJC_IMPLEMENTATIONS = YES;
				CLANG_WARN_DIRECT_OBJC_ISA_USAGE = YES_ERROR;
				CLANG_WARN_DOCUMENTATION_COMMENTS = YES;
				CLANG_WARN_EMPTY_BODY = YES;
				CLANG_WARN_ENUM_CONVERSION = YES;
				CLANG_WARN_INFINITE_RECURSION = YES;
				CLANG_WARN_INT_CONVERSION = YES;
				CLANG_WARN_NON_LITERAL_NULL_CONVERSION = YES;
				CLANG_WARN_OBJC_IMPLICIT_RETAIN_SELF = YES;
				CLANG_WARN_OBJC_LITERAL_CONVERSION = YES;
				CLANG_WARN_OBJC_ROOT_CLASS = YES_ERROR;
				CLANG_WARN_QUOTED_INCLUDE_IN_FRAMEWORK_HEADER = YES;
				CLANG_WARN_RANGE_LOOP_ANALYSIS = YES;
				CLANG_WARN_STRICT_PROTOTYPES = YES;
				CLANG_WARN_SUSPICIOUS_MOVE = YES;
				CLANG_WARN_UNGUARDED_AVAILABILITY = YES_AGGRESSIVE;
				CLANG_WARN_UNREACHABLE_CODE = YES;
				CLANG_WARN__DUPLICATE_METHOD_MATCH = YES;
				COPY_PHASE_STRIP = NO;
				DEBUG_INFORMATION_FORMAT = dwarf;
				ENABLE_STRICT_OBJC_MSGSEND = YES;
				ENABLE_TESTABILITY = YES;
				ENABLE_USER_SCRIPT_SANDBOXING = YES;
				GCC_C_LANGUAGE_STANDARD = gnu17;
				GCC_DYNAMIC_NO_PIC = NO;
				GCC_NO_COMMON_BLOCKS = YES;
				GCC_OPTIMIZATION_LEVEL = 0;
				GCC_PREPROCESSOR_DEFINITIONS = (
					"DEBUG=1",
					"$(inherited)",
				);
				GCC_WARN_64_TO_32_BIT_CONVERSION = YES;
				GCC_WARN_ABOUT_RETURN_TYPE = YES_ERROR;
				GCC_WARN_UNDECLARED_SELECTOR = YES;
				GCC_WARN_UNINITIALIZED_AUTOS = YES_AGGRESSIVE;
				GCC_WARN_UNUSED_FUNCTION = YES;
				GCC_WARN_UNUSED_VARIABLE = YES;
				IPHONEOS_DEPLOYMENT_TARGET = 17.2;
				LOCALIZATION_PREFERS_STRING_CATALOGS = YES;
				MTL_ENABLE_DEBUG_INFO = INCLUDE_SOURCE;
				MTL_FAST_MATH = YES;
				ONLY_ACTIVE_ARCH = YES;
				SDKROOT = iphoneos;
				SWIFT_ACTIVE_COMPILATION_CONDITIONS = "DEBUG $(inherited)";
				SWIFT_OPTIMIZATION_LEVEL = "-Onone";
			};
			name = Debug;
		};
		3CC6BD2B2BECE97600E53D33 /* Release */ = {
			isa = XCBuildConfiguration;
			buildSettings = {
				ALWAYS_SEARCH_USER_PATHS = NO;
				ASSETCATALOG_COMPILER_GENERATE_SWIFT_ASSET_SYMBOL_EXTENSIONS = YES;
				CLANG_ANALYZER_NONNULL = YES;
				CLANG_ANALYZER_NUMBER_OBJECT_CONVERSION = YES_AGGRESSIVE;
				CLANG_CXX_LANGUAGE_STANDARD = "gnu++20";
				CLANG_ENABLE_MODULES = YES;
				CLANG_ENABLE_OBJC_ARC = YES;
				CLANG_ENABLE_OBJC_WEAK = YES;
				CLANG_WARN_BLOCK_CAPTURE_AUTORELEASING = YES;
				CLANG_WARN_BOOL_CONVERSION = YES;
				CLANG_WARN_COMMA = YES;
				CLANG_WARN_CONSTANT_CONVERSION = YES;
				CLANG_WARN_DEPRECATED_OBJC_IMPLEMENTATIONS = YES;
				CLANG_WARN_DIRECT_OBJC_ISA_USAGE = YES_ERROR;
				CLANG_WARN_DOCUMENTATION_COMMENTS = YES;
				CLANG_WARN_EMPTY_BODY = YES;
				CLANG_WARN_ENUM_CONVERSION = YES;
				CLANG_WARN_INFINITE_RECURSION = YES;
				CLANG_WARN_INT_CONVERSION = YES;
				CLANG_WARN_NON_LITERAL_NULL_CONVERSION = YES;
				CLANG_WARN_OBJC_IMPLICIT_RETAIN_SELF = YES;
				CLANG_WARN_OBJC_LITERAL_CONVERSION = YES;
				CLANG_WARN_OBJC_ROOT_CLASS = YES_ERROR;
				CLANG_WARN_QUOTED_INCLUDE_IN_FRAMEWORK_HEADER = YES;
				CLANG_WARN_RANGE_LOOP_ANALYSIS = YES;
				CLANG_WARN_STRICT_PROTOTYPES = YES;
				CLANG_WARN_SUSPICIOUS_MOVE = YES;
				CLANG_WARN_UNGUARDED_AVAILABILITY = YES_AGGRESSIVE;
				CLANG_WARN_UNREACHABLE_CODE = YES;
				CLANG_WARN__DUPLICATE_METHOD_MATCH = YES;
				COPY_PHASE_STRIP = NO;
				DEBUG_INFORMATION_FORMAT = "dwarf-with-dsym";
				ENABLE_NS_ASSERTIONS = NO;
				ENABLE_STRICT_OBJC_MSGSEND = YES;
				ENABLE_USER_SCRIPT_SANDBOXING = YES;
				GCC_C_LANGUAGE_STANDARD = gnu17;
				GCC_NO_COMMON_BLOCKS = YES;
				GCC_WARN_64_TO_32_BIT_CONVERSION = YES;
				GCC_WARN_ABOUT_RETURN_TYPE = YES_ERROR;
				GCC_WARN_UNDECLARED_SELECTOR = YES;
				GCC_WARN_UNINITIALIZED_AUTOS = YES_AGGRESSIVE;
				GCC_WARN_UNUSED_FUNCTION = YES;
				GCC_WARN_UNUSED_VARIABLE = YES;
				IPHONEOS_DEPLOYMENT_TARGET = 17.2;
				LOCALIZATION_PREFERS_STRING_CATALOGS = YES;
				MTL_ENABLE_DEBUG_INFO = NO;
				MTL_FAST_MATH = YES;
				SDKROOT = iphoneos;
				SWIFT_COMPILATION_MODE = wholemodule;
				VALIDATE_PRODUCT = YES;
			};
			name = Release;
		};
		3CC6BD2D2BECE97600E53D33 /* Debug */ = {
			isa = XCBuildConfiguration;
			buildSettings = {
				ASSETCATALOG_COMPILER_APPICON_NAME = AppIcon;
				ASSETCATALOG_COMPILER_GLOBAL_ACCENT_COLOR_NAME = AccentColor;
				CODE_SIGN_STYLE = Automatic;
				CURRENT_PROJECT_VERSION = 1;
				DEVELOPMENT_ASSET_PATHS = "\"RickAndMortyApp/Preview Content\"";
				DEVELOPMENT_TEAM = V75RX7AUTF;
				ENABLE_PREVIEWS = YES;
				GENERATE_INFOPLIST_FILE = YES;
				INFOPLIST_KEY_UIApplicationSceneManifest_Generation = YES;
				INFOPLIST_KEY_UIApplicationSupportsIndirectInputEvents = YES;
				INFOPLIST_KEY_UILaunchScreen_Generation = YES;
				INFOPLIST_KEY_UISupportedInterfaceOrientations_iPad = "UIInterfaceOrientationPortrait UIInterfaceOrientationPortraitUpsideDown UIInterfaceOrientationLandscapeLeft UIInterfaceOrientationLandscapeRight";
				INFOPLIST_KEY_UISupportedInterfaceOrientations_iPhone = "UIInterfaceOrientationPortrait UIInterfaceOrientationLandscapeLeft UIInterfaceOrientationLandscapeRight";
				LD_RUNPATH_SEARCH_PATHS = (
					"$(inherited)",
					"@executable_path/Frameworks",
				);
				MARKETING_VERSION = 1.0;
				PRODUCT_BUNDLE_IDENTIFIER = com.tonsilva.RickAndMortyApp;
				PRODUCT_NAME = "$(TARGET_NAME)";
				SWIFT_EMIT_LOC_STRINGS = YES;
				SWIFT_VERSION = 5.0;
				TARGETED_DEVICE_FAMILY = "1,2";
			};
			name = Debug;
		};
		3CC6BD2E2BECE97600E53D33 /* Release */ = {
			isa = XCBuildConfiguration;
			buildSettings = {
				ASSETCATALOG_COMPILER_APPICON_NAME = AppIcon;
				ASSETCATALOG_COMPILER_GLOBAL_ACCENT_COLOR_NAME = AccentColor;
				CODE_SIGN_STYLE = Automatic;
				CURRENT_PROJECT_VERSION = 1;
				DEVELOPMENT_ASSET_PATHS = "\"RickAndMortyApp/Preview Content\"";
				DEVELOPMENT_TEAM = V75RX7AUTF;
				ENABLE_PREVIEWS = YES;
				GENERATE_INFOPLIST_FILE = YES;
				INFOPLIST_KEY_UIApplicationSceneManifest_Generation = YES;
				INFOPLIST_KEY_UIApplicationSupportsIndirectInputEvents = YES;
				INFOPLIST_KEY_UILaunchScreen_Generation = YES;
				INFOPLIST_KEY_UISupportedInterfaceOrientations_iPad = "UIInterfaceOrientationPortrait UIInterfaceOrientationPortraitUpsideDown UIInterfaceOrientationLandscapeLeft UIInterfaceOrientationLandscapeRight";
				INFOPLIST_KEY_UISupportedInterfaceOrientations_iPhone = "UIInterfaceOrientationPortrait UIInterfaceOrientationLandscapeLeft UIInterfaceOrientationLandscapeRight";
				LD_RUNPATH_SEARCH_PATHS = (
					"$(inherited)",
					"@executable_path/Frameworks",
				);
				MARKETING_VERSION = 1.0;
				PRODUCT_BUNDLE_IDENTIFIER = com.tonsilva.RickAndMortyApp;
				PRODUCT_NAME = "$(TARGET_NAME)";
				SWIFT_EMIT_LOC_STRINGS = YES;
				SWIFT_VERSION = 5.0;
				TARGETED_DEVICE_FAMILY = "1,2";
			};
			name = Release;
		};
		3CC6BD452BED28F400E53D33 /* Debug */ = {
			isa = XCBuildConfiguration;
			buildSettings = {
				BUNDLE_LOADER = "$(TEST_HOST)";
				CODE_SIGN_STYLE = Automatic;
				CURRENT_PROJECT_VERSION = 1;
				DEVELOPMENT_TEAM = V75RX7AUTF;
				GENERATE_INFOPLIST_FILE = YES;
				MARKETING_VERSION = 1.0;
				PRODUCT_BUNDLE_IDENTIFIER = com.tonsilva.RickAndMortyAppTests;
				PRODUCT_NAME = "$(TARGET_NAME)";
				SWIFT_EMIT_LOC_STRINGS = NO;
				SWIFT_VERSION = 5.0;
				TARGETED_DEVICE_FAMILY = "1,2";
				TEST_HOST = "$(BUILT_PRODUCTS_DIR)/RickAndMortyApp.app/$(BUNDLE_EXECUTABLE_FOLDER_PATH)/RickAndMortyApp";
			};
			name = Debug;
		};
		3CC6BD462BED28F400E53D33 /* Release */ = {
			isa = XCBuildConfiguration;
			buildSettings = {
				BUNDLE_LOADER = "$(TEST_HOST)";
				CODE_SIGN_STYLE = Automatic;
				CURRENT_PROJECT_VERSION = 1;
				DEVELOPMENT_TEAM = V75RX7AUTF;
				GENERATE_INFOPLIST_FILE = YES;
				MARKETING_VERSION = 1.0;
				PRODUCT_BUNDLE_IDENTIFIER = com.tonsilva.RickAndMortyAppTests;
				PRODUCT_NAME = "$(TARGET_NAME)";
				SWIFT_EMIT_LOC_STRINGS = NO;
				SWIFT_VERSION = 5.0;
				TARGETED_DEVICE_FAMILY = "1,2";
				TEST_HOST = "$(BUILT_PRODUCTS_DIR)/RickAndMortyApp.app/$(BUNDLE_EXECUTABLE_FOLDER_PATH)/RickAndMortyApp";
			};
			name = Release;
		};
		3CC6BD542BED291A00E53D33 /* Debug */ = {
			isa = XCBuildConfiguration;
			buildSettings = {
				CODE_SIGN_STYLE = Automatic;
				CURRENT_PROJECT_VERSION = 1;
				DEVELOPMENT_TEAM = V75RX7AUTF;
				GENERATE_INFOPLIST_FILE = YES;
				MARKETING_VERSION = 1.0;
				PRODUCT_BUNDLE_IDENTIFIER = com.tonsilva.RickAndMortyAppUITests;
				PRODUCT_NAME = "$(TARGET_NAME)";
				SWIFT_EMIT_LOC_STRINGS = NO;
				SWIFT_VERSION = 5.0;
				TARGETED_DEVICE_FAMILY = "1,2";
				TEST_TARGET_NAME = RickAndMortyApp;
			};
			name = Debug;
		};
		3CC6BD552BED291A00E53D33 /* Release */ = {
			isa = XCBuildConfiguration;
			buildSettings = {
				CODE_SIGN_STYLE = Automatic;
				CURRENT_PROJECT_VERSION = 1;
				DEVELOPMENT_TEAM = V75RX7AUTF;
				GENERATE_INFOPLIST_FILE = YES;
				MARKETING_VERSION = 1.0;
				PRODUCT_BUNDLE_IDENTIFIER = com.tonsilva.RickAndMortyAppUITests;
				PRODUCT_NAME = "$(TARGET_NAME)";
				SWIFT_EMIT_LOC_STRINGS = NO;
				SWIFT_VERSION = 5.0;
				TARGETED_DEVICE_FAMILY = "1,2";
				TEST_TARGET_NAME = RickAndMortyApp;
			};
			name = Release;
		};
/* End XCBuildConfiguration section */

/* Begin XCConfigurationList section */
		3CC6BD192BECE97500E53D33 /* Build configuration list for PBXProject "RickAndMortyApp" */ = {
			isa = XCConfigurationList;
			buildConfigurations = (
				3CC6BD2A2BECE97600E53D33 /* Debug */,
				3CC6BD2B2BECE97600E53D33 /* Release */,
			);
			defaultConfigurationIsVisible = 0;
			defaultConfigurationName = Release;
		};
		3CC6BD2C2BECE97600E53D33 /* Build configuration list for PBXNativeTarget "RickAndMortyApp" */ = {
			isa = XCConfigurationList;
			buildConfigurations = (
				3CC6BD2D2BECE97600E53D33 /* Debug */,
				3CC6BD2E2BECE97600E53D33 /* Release */,
			);
			defaultConfigurationIsVisible = 0;
			defaultConfigurationName = Release;
		};
		3CC6BD442BED28F400E53D33 /* Build configuration list for PBXNativeTarget "RickAndMortyAppTests" */ = {
			isa = XCConfigurationList;
			buildConfigurations = (
				3CC6BD452BED28F400E53D33 /* Debug */,
				3CC6BD462BED28F400E53D33 /* Release */,
			);
			defaultConfigurationIsVisible = 0;
			defaultConfigurationName = Release;
		};
		3CC6BD532BED291A00E53D33 /* Build configuration list for PBXNativeTarget "RickAndMortyAppUITests" */ = {
			isa = XCConfigurationList;
			buildConfigurations = (
				3CC6BD542BED291A00E53D33 /* Debug */,
				3CC6BD552BED291A00E53D33 /* Release */,
			);
			defaultConfigurationIsVisible = 0;
			defaultConfigurationName = Release;
		};
/* End XCConfigurationList section */

/* Begin XCRemoteSwiftPackageReference section */
		3CC6BD562BED2A3700E53D33 /* XCRemoteSwiftPackageReference "Rick-and-Morty-Swift-API" */ = {
			isa = XCRemoteSwiftPackageReference;
			repositoryURL = "https://github.com/benjaminbruch/Rick-and-Morty-Swift-API#installation";
			requirement = {
				kind = upToNextMajorVersion;
				minimumVersion = 1.0.0;
			};
		};
		3CC6BD772BED767100E53D33 /* XCRemoteSwiftPackageReference "SDWebImageSwiftUI" */ = {
			isa = XCRemoteSwiftPackageReference;
			repositoryURL = "https://github.com/SDWebImage/SDWebImageSwiftUI";
			requirement = {
				kind = upToNextMajorVersion;
				minimumVersion = 3.0.4;
			};
		};
/* End XCRemoteSwiftPackageReference section */

/* Begin XCSwiftPackageProductDependency section */
		3CC6BD572BED2A3700E53D33 /* rick-morty-swift-api */ = {
			isa = XCSwiftPackageProductDependency;
			package = 3CC6BD562BED2A3700E53D33 /* XCRemoteSwiftPackageReference "Rick-and-Morty-Swift-API" */;
			productName = "rick-morty-swift-api";
		};
		3CC6BD782BED767100E53D33 /* SDWebImageSwiftUI */ = {
			isa = XCSwiftPackageProductDependency;
			package = 3CC6BD772BED767100E53D33 /* XCRemoteSwiftPackageReference "SDWebImageSwiftUI" */;
			productName = SDWebImageSwiftUI;
		};
/* End XCSwiftPackageProductDependency section */
	};
	rootObject = 3CC6BD162BECE97500E53D33 /* Project object */;
}
